<?xml version="1.0" encoding="UTF-8" standalone="yes" ?>
<CodeBlocks_project_file>
	<FileVersion major="1" minor="6" />
	<Project>
		<Option title="GridLauncher" />
		<Option pch_mode="2" />
		<Option compiler="null" />
		<Build>
			<Target title="Release">
				<Option output="bin/Release/GridLauncher" prefix_auto="1" extension_auto="1" />
				<Option object_output="obj/Release/" />
				<Option type="1" />
				<Option compiler="null" />
			</Target>
		</Build>
		<Unit filename="../source/MAFontRobotoRegular.c">
			<Option compilerVar="CC" />
		</Unit>
		<Unit filename="../source/MAFontRobotoRegular.h" />
		<Unit filename="../source/MAGFX.c">
			<Option compilerVar="CC" />
		</Unit>
		<Unit filename="../source/MAGFX.h" />
		<Unit filename="../source/MAText.c">
			<Option compilerVar="CC" />
		</Unit>
		<Unit filename="../source/MAText.h" />
		<Unit filename="../source/addmenuentry.cpp" />
		<Unit filename="../source/addmenuentry.h" />
		<Unit filename="../source/alert.c">
			<Option compilerVar="CC" />
		</Unit>
		<Unit filename="../source/alert.h" />
		<Unit filename="../source/background.c">
			<Option compilerVar="CC" />
		</Unit>
		<Unit filename="../source/background.h" />
		<Unit filename="../source/boot.c">
			<Option compilerVar="CC" />
		</Unit>
		<Unit filename="../source/boot.h" />
		<Unit filename="../source/button.c">
			<Option compilerVar="CC" />
		</Unit>
		<Unit filename="../source/button.h" />
		<Unit filename="../source/colours.c">
			<Option compilerVar="CC" />
		</Unit>
		<Unit filename="../source/colours.h" />
		<Unit filename="../source/config.c">
			<Option compilerVar="CC" />
		</Unit>
		<Unit filename="../source/config.h" />
		<Unit filename="../source/descriptor.cpp" />
		<Unit filename="../source/descriptor.h" />
		<Unit filename="../source/filesystem.c">
			<Option compilerVar="CC" />
		</Unit>
		<Unit filename="../source/filesystem.h" />
		<Unit filename="../source/folders.c">
			<Option compilerVar="CC" />
		</Unit>
		<Unit filename="../source/folders.h" />
		<Unit filename="../source/gfx.c">
			<Option compilerVar="CC" />
		</Unit>
		<Unit filename="../source/gfx.h" />
		<Unit filename="../source/help.c">
			<Option compilerVar="CC" />
		</Unit>
		<Unit filename="../source/help.h" />
		<Unit filename="../source/logText.c">
			<Option compilerVar="CC" />
		</Unit>
		<Unit filename="../source/logText.h" />
		<Unit filename="../source/main.c">
			<Option compilerVar="CC" />
		</Unit>
		<Unit filename="../source/menu.c">
			<Option compilerVar="CC" />
		</Unit>
		<Unit filename="../source/menu.h" />
		<Unit filename="../source/netloader.c">
			<Option compilerVar="CC" />
		</Unit>
		<Unit filename="../source/netloader.h" />
		<Unit filename="../source/pngloader.c">
			<Option compilerVar="CC" />
		</Unit>
		<Unit filename="../source/pngloader.h" />
		<Unit filename="../source/progresswheel.c">
			<Option compilerVar="CC" />
		</Unit>
		<Unit filename="../source/progresswheel.h" />
		<Unit filename="../source/regionfree.c">
			<Option compilerVar="CC" />
		</Unit>
		<Unit filename="../source/regionfree.h" />
		<Unit filename="../source/scanner.c">
			<Option compilerVar="CC" />
		</Unit>
		<Unit filename="../source/scanner.h" />
		<Unit filename="../source/screenshot.c">
			<Option compilerVar="CC" />
		</Unit>
		<Unit filename="../source/screenshot.h" />
		<Unit filename="../source/shortcut.cpp" />
		<Unit filename="../source/shortcut.h" />
		<Unit filename="../source/smdh.c">
			<Option compilerVar="CC" />
		</Unit>
		<Unit filename="../source/smdh.h" />
		<Unit filename="../source/statusbar.c">
			<Option compilerVar="CC" />
		</Unit>
		<Unit filename="../source/statusbar.h" />
		<Unit filename="../source/themegfx.c">
			<Option compilerVar="CC" />
		</Unit>
		<Unit filename="../source/themegfx.h" />
		<Unit filename="../source/tinyxml2.cpp" />
		<Unit filename="../source/tinyxml2.h" />
		<Unit filename="../source/titles.c">
			<Option compilerVar="CC" />
		</Unit>
		<Unit filename="../source/titles.h" />
		<Unit filename="../source/touchblock.c">
			<Option compilerVar="CC" />
		</Unit>
		<Unit filename="../source/touchblock.h" />
		<Unit filename="../source/utils.h" />
		<Unit filename="../source/version.h" />
		<Unit filename="../source/water.c">
			<Option compilerVar="CC" />
		</Unit>
		<Unit filename="../source/water.h" />
		<Extensions>
			<code_completion />
			<debugger />
		</Extensions>
	</Project>
</CodeBlocks_project_file>
